
Microsoft Visual Studio Solution File, Format Version 12.00
Project("{2150E333-8FDC-42A3-9474-1A3956D46DE8}") = "domain", "domain", "{69F57F57-5408-4B4A-82D9-EBA002635F48}"
EndProject
Project("{FAE04EC0-301F-11D3-BF4B-00C04F79EFBC}") = "Store", "Store\Store.csproj", "{2EBEC785-238F-4E61-AB03-4951AF940E65}"
EndProject
Project("{2150E333-8FDC-42A3-9474-1A3956D46DE8}") = "infrastructure", "infrastructure", "{67BADC0E-73B2-459D-9710-57D932FED0A6}"
EndProject
Project("{FAE04EC0-301F-11D3-BF4B-00C04F79EFBC}") = "Store.Memory", "Store.Memory\Store.Memory.csproj", "{3000F632-E96C-44A5-88F7-D4DD9B17DCBF}"
EndProject
Project("{2150E333-8FDC-42A3-9474-1A3956D46DE8}") = "presentation", "presentation", "{92BBE00B-FBCC-4C30-9329-D79EF22E2F6E}"
EndProject
Project("{FAE04EC0-301F-11D3-BF4B-00C04F79EFBC}") = "Store.Web", "Store.Web\Store.Web.csproj", "{B51C145E-A003-4B74-A1FE-D040363CE7D4}"
EndProject
Global
	GlobalSection(SolutionConfigurationPlatforms) = preSolution
		Debug|Any CPU = Debug|Any CPU
		Release|Any CPU = Release|Any CPU
	EndGlobalSection
	GlobalSection(NestedProjects) = preSolution
		{2EBEC785-238F-4E61-AB03-4951AF940E65} = {69F57F57-5408-4B4A-82D9-EBA002635F48}
		{3000F632-E96C-44A5-88F7-D4DD9B17DCBF} = {67BADC0E-73B2-459D-9710-57D932FED0A6}
		{B51C145E-A003-4B74-A1FE-D040363CE7D4} = {92BBE00B-FBCC-4C30-9329-D79EF22E2F6E}
	EndGlobalSection
	GlobalSection(ProjectConfigurationPlatforms) = postSolution
		{2EBEC785-238F-4E61-AB03-4951AF940E65}.Debug|Any CPU.ActiveCfg = Debug|Any CPU
		{2EBEC785-238F-4E61-AB03-4951AF940E65}.Debug|Any CPU.Build.0 = Debug|Any CPU
		{2EBEC785-238F-4E61-AB03-4951AF940E65}.Release|Any CPU.ActiveCfg = Release|Any CPU
		{2EBEC785-238F-4E61-AB03-4951AF940E65}.Release|Any CPU.Build.0 = Release|Any CPU
		{3000F632-E96C-44A5-88F7-D4DD9B17DCBF}.Debug|Any CPU.ActiveCfg = Debug|Any CPU
		{3000F632-E96C-44A5-88F7-D4DD9B17DCBF}.Debug|Any CPU.Build.0 = Debug|Any CPU
		{3000F632-E96C-44A5-88F7-D4DD9B17DCBF}.Release|Any CPU.ActiveCfg = Release|Any CPU
		{3000F632-E96C-44A5-88F7-D4DD9B17DCBF}.Release|Any CPU.Build.0 = Release|Any CPU
		{B51C145E-A003-4B74-A1FE-D040363CE7D4}.Debug|Any CPU.ActiveCfg = Debug|Any CPU
		{B51C145E-A003-4B74-A1FE-D040363CE7D4}.Debug|Any CPU.Build.0 = Debug|Any CPU
		{B51C145E-A003-4B74-A1FE-D040363CE7D4}.Release|Any CPU.ActiveCfg = Release|Any CPU
		{B51C145E-A003-4B74-A1FE-D040363CE7D4}.Release|Any CPU.Build.0 = Release|Any CPU
	EndGlobalSection
EndGlobal
